{
  "meteor": {},
  "dependencies": {
    "basePackages": {
      "bootstrap-3": {},
      "nprogress": {},
      "lodash": {},
      "authorization": {},
      "dataset-filter": {},
      "iron-router": {},
      "bootboxjs": {},
      "fast-render": {},
      "bootstrap3-datetimepicker": {},
      "iron-router-ga": {},
      "animate-css": {},
      "velocityjs": {},
      "stylus-multi": {},
      "user-status": {},
      "crypto-base64": {}
    },
    "packages": {
      "bootstrap-3": {
        "git": "https://github.com/mangasocial/meteor-bootstrap-3.git",
        "tag": "v3.2.0-1",
        "commit": "17a63902fc6cf1096c5289d963c66cf28b474727"
      },
      "nprogress": {
        "git": "https://github.com/zhouzhuojie/meteor-nprogress.git",
        "tag": "v0.0.5",
        "commit": "bb88a057166e0f1386ab8bc0a1e080b48aa59159"
      },
      "lodash": {
        "git": "https://github.com/alethes/meteor-lodash.git",
        "tag": "v0.7.1",
        "commit": "57bbeb3e21c31b64641f9885bb2f390b84f8b925"
      },
      "authorization": {
        "git": "https://github.com/deepwell/meteor-authorization.git",
        "tag": "v2.0.5",
        "commit": "35f67390fb593ce773e964595ec6c53f33b56140"
      },
      "dataset-filter": {
        "git": "https://github.com/rosh93/meteor-dataset-filter.git",
        "tag": "v0.0.4",
        "commit": "be19a618bb39a35d5ff7043387555a3c6a1181d9"
      },
      "iron-router": {
        "git": "https://github.com/EventedMind/iron-router.git",
        "tag": "v0.8.2",
        "commit": "05415a8891ea87a00fb1e2388585f2ca5a38e0da"
      },
      "bootboxjs": {
        "git": "https://github.com/TimHeckel/meteor-bootboxjs.git",
        "tag": "v4.2.1-master.1",
        "commit": "c125969c1f3aef30e2a2ff20252bd3b2e4014b2f"
      },
      "fast-render": {
        "git": "https://github.com/arunoda/meteor-fast-render.git",
        "tag": "v1.0.0",
        "commit": "acbc04982025fe78cebb8865b5a04689741d4b0b"
      },
      "bootstrap3-datetimepicker": {
        "git": "https://github.com/tsega/meteor-bootstrap3-datetimepicker.git",
        "tag": "v0.3.0",
        "commit": "a0b5e8aaa117555672bb5a479b3842bb97e3f3b5"
      },
      "iron-router-ga": {
        "git": "https://github.com/reywood/meteor-iron-router-ga.git",
        "tag": "v0.2.5",
        "commit": "ede54c4633f9a54fddd5c431202a88284df2a932"
      },
      "animate-css": {
        "git": "https://github.com/nate-strauser/meteor-animate-css.git",
        "tag": "v3.1.1",
        "commit": "59ce70b99dff5bc3d1227b789eefa43a761db158"
      },
      "velocityjs": {
        "git": "https://github.com/Sewdn/meteor-velocityjs.git",
        "tag": "v0.8.0",
        "commit": "5e96099e2cf8f99dbc7ed61225e96b0ba833ff08"
      },
      "stylus-multi": {
        "git": "https://github.com/furrio/meteor-stylus-multi.git",
        "tag": "v0.0.4",
        "commit": "428bdc138e2acfeeff15f775f0210332f5fc070f"
      },
      "user-status": {
        "git": "https://github.com/mizzao/meteor-user-status.git",
        "tag": "v0.6.0",
        "commit": "dba80d742522ac104f2155f1db852922e4249f96"
      },
      "crypto-base64": {
        "git": "https://github.com/dandv/meteor-crypto-base64.git",
        "tag": "v3.1.2.0",
        "commit": "03e523e80faaf7b10191ea50493414bec7cd0e3d"
      },
      "iron-layout": {
        "git": "https://github.com/EventedMind/iron-layout.git",
        "tag": "v0.2.0",
        "commit": "4a2d53e35ba036b0c189c7ceca34be494d4c6c97"
      },
      "timesync": {
        "git": "https://github.com/mizzao/meteor-timesync.git",
        "tag": "v0.2.1",
        "commit": "fa4abd511f4e32a3c5d22795ce2c1e8369428fac"
      },
      "crypto-base": {
        "git": "https://github.com/oortcloud/meteor-crypto-base.git",
        "tag": "v3.1.2.1",
        "commit": "5df8d82a0595553415bbfae2930c6ecbeece5794"
      },
      "blaze-layout": {
        "git": "https://github.com/EventedMind/blaze-layout.git",
        "tag": "v0.2.5",
        "commit": "273e3ab7d005d91a1a59c71bd224533b4dae2fbd"
      },
      "iron-core": {
        "git": "https://github.com/EventedMind/iron-core.git",
        "tag": "v0.2.0",
        "commit": "0e48b5dc50d03f01025b7b900fb5ce2f13d52cad"
      },
      "iron-dynamic-template": {
        "git": "https://github.com/EventedMind/iron-dynamic-template.git",
        "tag": "v0.2.1",
        "commit": "4dd1185c4d9d616c9abdb3f33e4a7d5a88db7e18"
      }
    }
  }
}
