{
  "dependencies": {
    "charenc": {
      "version": "0.0.2",
      "resolved": "https://registry.npmjs.org/charenc/-/charenc-0.0.2.tgz",
      "from": "charenc@>=0.0.1 <0.1.0"
    },
    "crypt": {
      "version": "0.0.2",
      "resolved": "https://registry.npmjs.org/crypt/-/crypt-0.0.2.tgz",
      "from": "crypt@>=0.0.1 <0.1.0"
    },
    "is-buffer": {
      "version": "1.1.4",
      "resolved": "https://registry.npmjs.org/is-buffer/-/is-buffer-1.1.4.tgz",
      "from": "is-buffer@>=1.1.1 <1.2.0"
    },
    "md5": {
      "version": "2.1.0",
      "resolved": "https://registry.npmjs.org/md5/-/md5-2.1.0.tgz",
      "from": "md5@2.1.0"
    }
  }
}
