{
  "dependencies": {
    "lru-cache": {
      "version": "4.0.2",
      "resolved": "https://registry.npmjs.org/lru-cache/-/lru-cache-4.0.2.tgz",
      "from": "lru-cache@4.0.2"
    },
    "marked": {
      "version": "0.3.6",
      "resolved": "https://registry.npmjs.org/marked/-/marked-0.3.6.tgz",
      "from": "marked@0.3.6"
    },
    "pseudomap": {
      "version": "1.0.2",
      "resolved": "https://registry.npmjs.org/pseudomap/-/pseudomap-1.0.2.tgz",
      "from": "pseudomap@>=1.0.1 <2.0.0"
    },
    "yallist": {
      "version": "2.0.0",
      "resolved": "https://registry.npmjs.org/yallist/-/yallist-2.0.0.tgz",
      "from": "yallist@>=2.0.0 <3.0.0"
    }
  }
}
