{
  "dependencies": {
    "acorn": {
      "version": "2.7.0",
      "resolved": "https://registry.npmjs.org/acorn/-/acorn-2.7.0.tgz",
      "from": "acorn@>=2.1.0 <3.0.0"
    },
    "acorn-globals": {
      "version": "1.0.9",
      "resolved": "https://registry.npmjs.org/acorn-globals/-/acorn-globals-1.0.9.tgz",
      "from": "acorn-globals@>=1.0.3 <2.0.0"
    },
    "align-text": {
      "version": "0.1.4",
      "resolved": "https://registry.npmjs.org/align-text/-/align-text-0.1.4.tgz",
      "from": "align-text@>=0.1.3 <0.2.0"
    },
    "amdefine": {
      "version": "1.0.1",
      "resolved": "https://registry.npmjs.org/amdefine/-/amdefine-1.0.1.tgz",
      "from": "amdefine@>=0.0.4"
    },
    "asap": {
      "version": "1.0.0",
      "resolved": "https://registry.npmjs.org/asap/-/asap-1.0.0.tgz",
      "from": "asap@>=1.0.0 <1.1.0"
    },
    "async": {
      "version": "1.5.2",
      "resolved": "https://registry.npmjs.org/async/-/async-1.5.2.tgz",
      "from": "async@>=1.4.0 <2.0.0"
    },
    "batch": {
      "version": "0.5.3",
      "resolved": "https://registry.npmjs.org/batch/-/batch-0.5.3.tgz",
      "from": "batch@>=0.5.2 <0.6.0"
    },
    "bluebird": {
      "version": "2.11.0",
      "resolved": "https://registry.npmjs.org/bluebird/-/bluebird-2.11.0.tgz",
      "from": "bluebird@>=2.9.25 <3.0.0"
    },
    "boolbase": {
      "version": "1.0.0",
      "resolved": "https://registry.npmjs.org/boolbase/-/boolbase-1.0.0.tgz",
      "from": "boolbase@>=1.0.0 <1.1.0"
    },
    "camelcase": {
      "version": "1.2.1",
      "resolved": "https://registry.npmjs.org/camelcase/-/camelcase-1.2.1.tgz",
      "from": "camelcase@>=1.0.2 <2.0.0"
    },
    "center-align": {
      "version": "0.1.3",
      "resolved": "https://registry.npmjs.org/center-align/-/center-align-0.1.3.tgz",
      "from": "center-align@>=0.1.1 <0.2.0"
    },
    "character-parser": {
      "version": "1.2.1",
      "resolved": "https://registry.npmjs.org/character-parser/-/character-parser-1.2.1.tgz",
      "from": "character-parser@1.2.1"
    },
    "cheerio": {
      "version": "0.19.0",
      "resolved": "https://registry.npmjs.org/cheerio/-/cheerio-0.19.0.tgz",
      "from": "cheerio@>=0.19.0 <0.20.0"
    },
    "clean-css": {
      "version": "3.4.21",
      "resolved": "https://registry.npmjs.org/clean-css/-/clean-css-3.4.21.tgz",
      "from": "clean-css@>=3.1.9 <4.0.0",
      "dependencies": {
        "commander": {
          "version": "2.8.1",
          "resolved": "https://registry.npmjs.org/commander/-/commander-2.8.1.tgz",
          "from": "commander@>=2.8.0 <2.9.0"
        }
      }
    },
    "cliui": {
      "version": "2.1.0",
      "resolved": "https://registry.npmjs.org/cliui/-/cliui-2.1.0.tgz",
      "from": "cliui@>=2.1.0 <3.0.0",
      "dependencies": {
        "wordwrap": {
          "version": "0.0.2",
          "resolved": "https://registry.npmjs.org/wordwrap/-/wordwrap-0.0.2.tgz",
          "from": "wordwrap@0.0.2"
        }
      }
    },
    "combined-stream": {
      "version": "1.0.5",
      "resolved": "https://registry.npmjs.org/combined-stream/-/combined-stream-1.0.5.tgz",
      "from": "combined-stream@>=1.0.5 <2.0.0"
    },
    "commander": {
      "version": "2.6.0",
      "resolved": "https://registry.npmjs.org/commander/-/commander-2.6.0.tgz",
      "from": "commander@>=2.6.0 <2.7.0"
    },
    "component-emitter": {
      "version": "1.2.1",
      "resolved": "https://registry.npmjs.org/component-emitter/-/component-emitter-1.2.1.tgz",
      "from": "component-emitter@>=1.2.0 <1.3.0"
    },
    "constantinople": {
      "version": "3.0.2",
      "resolved": "https://registry.npmjs.org/constantinople/-/constantinople-3.0.2.tgz",
      "from": "constantinople@>=3.0.1 <3.1.0"
    },
    "cookiejar": {
      "version": "2.0.6",
      "resolved": "https://registry.npmjs.org/cookiejar/-/cookiejar-2.0.6.tgz",
      "from": "cookiejar@2.0.6"
    },
    "core-util-is": {
      "version": "1.0.2",
      "resolved": "https://registry.npmjs.org/core-util-is/-/core-util-is-1.0.2.tgz",
      "from": "core-util-is@>=1.0.0 <1.1.0"
    },
    "css": {
      "version": "1.0.8",
      "resolved": "https://registry.npmjs.org/css/-/css-1.0.8.tgz",
      "from": "css@>=1.0.8 <1.1.0"
    },
    "css-parse": {
      "version": "1.0.4",
      "resolved": "https://registry.npmjs.org/css-parse/-/css-parse-1.0.4.tgz",
      "from": "css-parse@1.0.4"
    },
    "css-property": {
      "version": "2.0.0",
      "resolved": "https://registry.npmjs.org/css-property/-/css-property-2.0.0.tgz",
      "from": "css-property@>=2.0.0 <3.0.0"
    },
    "css-rules": {
      "version": "1.0.2",
      "resolved": "https://registry.npmjs.org/css-rules/-/css-rules-1.0.2.tgz",
      "from": "css-rules@>=1.0.0 <2.0.0"
    },
    "css-select": {
      "version": "1.0.0",
      "resolved": "https://registry.npmjs.org/css-select/-/css-select-1.0.0.tgz",
      "from": "css-select@>=1.0.0 <1.1.0"
    },
    "css-stringify": {
      "version": "1.0.5",
      "resolved": "https://registry.npmjs.org/css-stringify/-/css-stringify-1.0.5.tgz",
      "from": "css-stringify@1.0.5"
    },
    "css-what": {
      "version": "1.0.0",
      "resolved": "https://registry.npmjs.org/css-what/-/css-what-1.0.0.tgz",
      "from": "css-what@>=1.0.0 <1.1.0"
    },
    "cssom": {
      "version": "0.3.1",
      "resolved": "https://registry.npmjs.org/cssom/-/cssom-0.3.1.tgz",
      "from": "cssom@>=0.3.0 <0.4.0"
    },
    "debug": {
      "version": "2.3.3",
      "resolved": "https://registry.npmjs.org/debug/-/debug-2.3.3.tgz",
      "from": "debug@>=2.0.0 <3.0.0"
    },
    "decamelize": {
      "version": "1.2.0",
      "resolved": "https://registry.npmjs.org/decamelize/-/decamelize-1.2.0.tgz",
      "from": "decamelize@>=1.0.0 <2.0.0"
    },
    "delayed-stream": {
      "version": "1.0.0",
      "resolved": "https://registry.npmjs.org/delayed-stream/-/delayed-stream-1.0.0.tgz",
      "from": "delayed-stream@>=1.0.0 <1.1.0"
    },
    "dom-serializer": {
      "version": "0.1.0",
      "resolved": "https://registry.npmjs.org/dom-serializer/-/dom-serializer-0.1.0.tgz",
      "from": "dom-serializer@>=0.1.0 <0.2.0",
      "dependencies": {
        "domelementtype": {
          "version": "1.1.3",
          "resolved": "https://registry.npmjs.org/domelementtype/-/domelementtype-1.1.3.tgz",
          "from": "domelementtype@>=1.1.1 <1.2.0"
        }
      }
    },
    "domelementtype": {
      "version": "1.3.0",
      "resolved": "https://registry.npmjs.org/domelementtype/-/domelementtype-1.3.0.tgz",
      "from": "domelementtype@>=1.0.0 <2.0.0"
    },
    "domhandler": {
      "version": "2.3.0",
      "resolved": "https://registry.npmjs.org/domhandler/-/domhandler-2.3.0.tgz",
      "from": "domhandler@>=2.3.0 <2.4.0"
    },
    "domutils": {
      "version": "1.4.3",
      "resolved": "https://registry.npmjs.org/domutils/-/domutils-1.4.3.tgz",
      "from": "domutils@>=1.4.0 <1.5.0"
    },
    "entities": {
      "version": "1.1.1",
      "resolved": "https://registry.npmjs.org/entities/-/entities-1.1.1.tgz",
      "from": "entities@>=1.1.1 <1.2.0"
    },
    "extend": {
      "version": "3.0.0",
      "resolved": "https://registry.npmjs.org/extend/-/extend-3.0.0.tgz",
      "from": "extend@>=3.0.0 <4.0.0"
    },
    "extract-css": {
      "version": "1.0.3",
      "resolved": "https://registry.npmjs.org/extract-css/-/extract-css-1.0.3.tgz",
      "from": "extract-css@>=1.0.0 <2.0.0"
    },
    "flatten": {
      "version": "0.0.1",
      "resolved": "https://registry.npmjs.org/flatten/-/flatten-0.0.1.tgz",
      "from": "flatten@0.0.1"
    },
    "form-data": {
      "version": "1.0.0-rc3",
      "resolved": "https://registry.npmjs.org/form-data/-/form-data-1.0.0-rc3.tgz",
      "from": "form-data@1.0.0-rc3"
    },
    "formidable": {
      "version": "1.0.17",
      "resolved": "https://registry.npmjs.org/formidable/-/formidable-1.0.17.tgz",
      "from": "formidable@>=1.0.14 <1.1.0"
    },
    "graceful-readlink": {
      "version": "1.0.1",
      "resolved": "https://registry.npmjs.org/graceful-readlink/-/graceful-readlink-1.0.1.tgz",
      "from": "graceful-readlink@>=1.0.0"
    },
    "href-content": {
      "version": "1.0.2",
      "resolved": "https://registry.npmjs.org/href-content/-/href-content-1.0.2.tgz",
      "from": "href-content@>=1.0.0 <2.0.0"
    },
    "htmlparser2": {
      "version": "3.8.3",
      "resolved": "https://registry.npmjs.org/htmlparser2/-/htmlparser2-3.8.3.tgz",
      "from": "htmlparser2@>=3.8.1 <3.9.0",
      "dependencies": {
        "domutils": {
          "version": "1.5.1",
          "resolved": "https://registry.npmjs.org/domutils/-/domutils-1.5.1.tgz",
          "from": "domutils@>=1.5.0 <1.6.0"
        },
        "entities": {
          "version": "1.0.0",
          "resolved": "https://registry.npmjs.org/entities/-/entities-1.0.0.tgz",
          "from": "entities@>=1.0.0 <1.1.0"
        }
      }
    },
    "inherits": {
      "version": "2.0.3",
      "resolved": "https://registry.npmjs.org/inherits/-/inherits-2.0.3.tgz",
      "from": "inherits@>=2.0.1 <2.1.0"
    },
    "inline-css": {
      "version": "2.2.2",
      "resolved": "https://registry.npmjs.org/inline-css/-/inline-css-2.2.2.tgz",
      "from": "inline-css@>=2.2.1 <3.0.0"
    },
    "is-buffer": {
      "version": "1.1.4",
      "resolved": "https://registry.npmjs.org/is-buffer/-/is-buffer-1.1.4.tgz",
      "from": "is-buffer@>=1.0.2 <2.0.0"
    },
    "is-promise": {
      "version": "2.1.0",
      "resolved": "https://registry.npmjs.org/is-promise/-/is-promise-2.1.0.tgz",
      "from": "is-promise@>=2.0.0 <3.0.0"
    },
    "isarray": {
      "version": "0.0.1",
      "resolved": "https://registry.npmjs.org/isarray/-/isarray-0.0.1.tgz",
      "from": "isarray@0.0.1"
    },
    "isobject": {
      "version": "2.1.0",
      "resolved": "https://registry.npmjs.org/isobject/-/isobject-2.1.0.tgz",
      "from": "isobject@>=2.1.0 <3.0.0",
      "dependencies": {
        "isarray": {
          "version": "1.0.0",
          "resolved": "https://registry.npmjs.org/isarray/-/isarray-1.0.0.tgz",
          "from": "isarray@1.0.0"
        }
      }
    },
    "jade": {
      "version": "1.11.0",
      "resolved": "https://registry.npmjs.org/jade/-/jade-1.11.0.tgz",
      "from": "jade@>=1.11.0 <2.0.0"
    },
    "jstransformer": {
      "version": "0.0.2",
      "resolved": "https://registry.npmjs.org/jstransformer/-/jstransformer-0.0.2.tgz",
      "from": "jstransformer@0.0.2"
    },
    "kind-of": {
      "version": "3.0.4",
      "resolved": "https://registry.npmjs.org/kind-of/-/kind-of-3.0.4.tgz",
      "from": "kind-of@>=3.0.2 <4.0.0"
    },
    "lazy-cache": {
      "version": "1.0.4",
      "resolved": "https://registry.npmjs.org/lazy-cache/-/lazy-cache-1.0.4.tgz",
      "from": "lazy-cache@>=1.0.3 <2.0.0"
    },
    "list-stylesheets": {
      "version": "1.1.0",
      "resolved": "https://registry.npmjs.org/list-stylesheets/-/list-stylesheets-1.1.0.tgz",
      "from": "list-stylesheets@>=1.1.0 <2.0.0"
    },
    "lodash": {
      "version": "3.10.1",
      "resolved": "https://registry.npmjs.org/lodash/-/lodash-3.10.1.tgz",
      "from": "lodash@>=3.2.0 <4.0.0"
    },
    "longest": {
      "version": "1.0.1",
      "resolved": "https://registry.npmjs.org/longest/-/longest-1.0.1.tgz",
      "from": "longest@>=1.0.1 <2.0.0"
    },
    "mediaquery-text": {
      "version": "1.0.2",
      "resolved": "https://registry.npmjs.org/mediaquery-text/-/mediaquery-text-1.0.2.tgz",
      "from": "mediaquery-text@>=1.0.0 <2.0.0"
    },
    "methods": {
      "version": "1.1.2",
      "resolved": "https://registry.npmjs.org/methods/-/methods-1.1.2.tgz",
      "from": "methods@>=1.1.1 <1.2.0"
    },
    "mime": {
      "version": "1.3.4",
      "resolved": "https://registry.npmjs.org/mime/-/mime-1.3.4.tgz",
      "from": "mime@1.3.4"
    },
    "mime-db": {
      "version": "1.25.0",
      "resolved": "https://registry.npmjs.org/mime-db/-/mime-db-1.25.0.tgz",
      "from": "mime-db@>=1.25.0 <1.26.0"
    },
    "mime-types": {
      "version": "2.1.13",
      "resolved": "https://registry.npmjs.org/mime-types/-/mime-types-2.1.13.tgz",
      "from": "mime-types@>=2.1.3 <3.0.0"
    },
    "minimist": {
      "version": "0.0.8",
      "resolved": "https://registry.npmjs.org/minimist/-/minimist-0.0.8.tgz",
      "from": "minimist@0.0.8"
    },
    "mkdirp": {
      "version": "0.5.1",
      "resolved": "https://registry.npmjs.org/mkdirp/-/mkdirp-0.5.1.tgz",
      "from": "mkdirp@>=0.5.0 <0.6.0"
    },
    "ms": {
      "version": "0.7.2",
      "resolved": "https://registry.npmjs.org/ms/-/ms-0.7.2.tgz",
      "from": "ms@0.7.2"
    },
    "nth-check": {
      "version": "1.0.1",
      "resolved": "https://registry.npmjs.org/nth-check/-/nth-check-1.0.1.tgz",
      "from": "nth-check@>=1.0.0 <1.1.0"
    },
    "object.pick": {
      "version": "1.2.0",
      "resolved": "https://registry.npmjs.org/object.pick/-/object.pick-1.2.0.tgz",
      "from": "object.pick@>=1.1.1 <2.0.0"
    },
    "optimist": {
      "version": "0.3.7",
      "resolved": "https://registry.npmjs.org/optimist/-/optimist-0.3.7.tgz",
      "from": "optimist@>=0.3.5 <0.4.0"
    },
    "promise": {
      "version": "6.1.0",
      "resolved": "https://registry.npmjs.org/promise/-/promise-6.1.0.tgz",
      "from": "promise@>=6.0.1 <7.0.0"
    },
    "qs": {
      "version": "2.3.3",
      "resolved": "https://registry.npmjs.org/qs/-/qs-2.3.3.tgz",
      "from": "qs@2.3.3"
    },
    "readable-stream": {
      "version": "1.1.14",
      "resolved": "https://registry.npmjs.org/readable-stream/-/readable-stream-1.1.14.tgz",
      "from": "readable-stream@>=1.1.0 <1.2.0"
    },
    "reduce-component": {
      "version": "1.0.1",
      "resolved": "https://registry.npmjs.org/reduce-component/-/reduce-component-1.0.1.tgz",
      "from": "reduce-component@1.0.1"
    },
    "remote-content": {
      "version": "1.0.1",
      "resolved": "https://registry.npmjs.org/remote-content/-/remote-content-1.0.1.tgz",
      "from": "remote-content@>=1.0.0 <2.0.0"
    },
    "repeat-string": {
      "version": "1.6.1",
      "resolved": "https://registry.npmjs.org/repeat-string/-/repeat-string-1.6.1.tgz",
      "from": "repeat-string@>=1.5.2 <2.0.0"
    },
    "right-align": {
      "version": "0.1.3",
      "resolved": "https://registry.npmjs.org/right-align/-/right-align-0.1.3.tgz",
      "from": "right-align@>=0.1.1 <0.2.0"
    },
    "simplyemail": {
      "version": "1.0.8",
      "resolved": "https://registry.npmjs.org/simplyemail/-/simplyemail-1.0.8.tgz",
      "from": "simplyemail@1.0.8"
    },
    "slick": {
      "version": "1.12.2",
      "resolved": "https://registry.npmjs.org/slick/-/slick-1.12.2.tgz",
      "from": "slick@>=1.12.1 <2.0.0"
    },
    "source-map": {
      "version": "0.4.4",
      "resolved": "https://registry.npmjs.org/source-map/-/source-map-0.4.4.tgz",
      "from": "source-map@>=0.4.0 <0.5.0"
    },
    "string_decoder": {
      "version": "0.10.31",
      "resolved": "https://registry.npmjs.org/string_decoder/-/string_decoder-0.10.31.tgz",
      "from": "string_decoder@>=0.10.0 <0.11.0"
    },
    "style-data": {
      "version": "1.1.2",
      "resolved": "https://registry.npmjs.org/style-data/-/style-data-1.1.2.tgz",
      "from": "style-data@>=1.1.0 <2.0.0"
    },
    "style-selector": {
      "version": "2.0.1",
      "resolved": "https://registry.npmjs.org/style-selector/-/style-selector-2.0.1.tgz",
      "from": "style-selector@>=2.0.0 <3.0.0"
    },
    "superagent": {
      "version": "1.8.4",
      "resolved": "https://registry.npmjs.org/superagent/-/superagent-1.8.4.tgz",
      "from": "superagent@>=1.1.0 <2.0.0",
      "dependencies": {
        "readable-stream": {
          "version": "1.0.27-1",
          "resolved": "https://registry.npmjs.org/readable-stream/-/readable-stream-1.0.27-1.tgz",
          "from": "readable-stream@1.0.27-1"
        }
      }
    },
    "transformers": {
      "version": "2.1.0",
      "resolved": "https://registry.npmjs.org/transformers/-/transformers-2.1.0.tgz",
      "from": "transformers@2.1.0",
      "dependencies": {
        "is-promise": {
          "version": "1.0.1",
          "resolved": "https://registry.npmjs.org/is-promise/-/is-promise-1.0.1.tgz",
          "from": "is-promise@>=1.0.0 <2.0.0"
        },
        "promise": {
          "version": "2.0.0",
          "resolved": "https://registry.npmjs.org/promise/-/promise-2.0.0.tgz",
          "from": "promise@>=2.0.0 <2.1.0"
        },
        "source-map": {
          "version": "0.1.43",
          "resolved": "https://registry.npmjs.org/source-map/-/source-map-0.1.43.tgz",
          "from": "source-map@>=0.1.7 <0.2.0"
        },
        "uglify-js": {
          "version": "2.2.5",
          "resolved": "https://registry.npmjs.org/uglify-js/-/uglify-js-2.2.5.tgz",
          "from": "uglify-js@>=2.2.5 <2.3.0"
        }
      }
    },
    "uglify-js": {
      "version": "2.7.4",
      "resolved": "https://registry.npmjs.org/uglify-js/-/uglify-js-2.7.4.tgz",
      "from": "uglify-js@>=2.4.19 <3.0.0",
      "dependencies": {
        "async": {
          "version": "0.2.10",
          "resolved": "https://registry.npmjs.org/async/-/async-0.2.10.tgz",
          "from": "async@>=0.2.6 <0.3.0"
        },
        "source-map": {
          "version": "0.5.6",
          "resolved": "https://registry.npmjs.org/source-map/-/source-map-0.5.6.tgz",
          "from": "source-map@>=0.5.1 <0.6.0"
        }
      }
    },
    "uglify-to-browserify": {
      "version": "1.0.2",
      "resolved": "https://registry.npmjs.org/uglify-to-browserify/-/uglify-to-browserify-1.0.2.tgz",
      "from": "uglify-to-browserify@>=1.0.0 <1.1.0"
    },
    "void-elements": {
      "version": "2.0.1",
      "resolved": "https://registry.npmjs.org/void-elements/-/void-elements-2.0.1.tgz",
      "from": "void-elements@>=2.0.1 <2.1.0"
    },
    "window-size": {
      "version": "0.1.0",
      "resolved": "https://registry.npmjs.org/window-size/-/window-size-0.1.0.tgz",
      "from": "window-size@0.1.0"
    },
    "with": {
      "version": "4.0.3",
      "resolved": "https://registry.npmjs.org/with/-/with-4.0.3.tgz",
      "from": "with@>=4.0.0 <4.1.0",
      "dependencies": {
        "acorn": {
          "version": "1.2.2",
          "resolved": "https://registry.npmjs.org/acorn/-/acorn-1.2.2.tgz",
          "from": "acorn@>=1.0.1 <2.0.0"
        }
      }
    },
    "wordwrap": {
      "version": "0.0.3",
      "resolved": "https://registry.npmjs.org/wordwrap/-/wordwrap-0.0.3.tgz",
      "from": "wordwrap@>=0.0.2 <0.1.0"
    },
    "yargs": {
      "version": "3.10.0",
      "resolved": "https://registry.npmjs.org/yargs/-/yargs-3.10.0.tgz",
      "from": "yargs@>=3.10.0 <3.11.0"
    }
  }
}
