{
  "dependencies": {
    "moment": {
      "version": "2.17.1",
      "resolved": "https://registry.npmjs.org/moment/-/moment-2.17.1.tgz",
      "from": "moment@>=2.6.0"
    },
    "moment-timezone": {
      "version": "0.5.4",
      "resolved": "https://registry.npmjs.org/moment-timezone/-/moment-timezone-0.5.4.tgz",
      "from": "moment-timezone@0.5.4"
    }
  }
}
